
Microsoft Visual Studio Solution File, Format Version 12.00
# Visual Studio Version 17
VisualStudioVersion = 17.8.34330.188
MinimumVisualStudioVersion = 10.0.40219.1
Project("{FAE04EC0-301F-11D3-BF4B-00C04F79EFBC}") = "EcommerceSite", "EcommerceSite\EcommerceSite.csproj", "{E787850C-C526-4250-9513-919A8347C8C5}"
EndProject
Project("{FAE04EC0-301F-11D3-BF4B-00C04F79EFBC}") = "ECommerceSite.Core", "ECommerceSite.Core\ECommerceSite.Core.csproj", "{08379BFA-2FC8-4DBE-8971-81F0DBC2B794}"
EndProject
Project("{FAE04EC0-301F-11D3-BF4B-00C04F79EFBC}") = "ECommerceSite.Infrastructure", "ECommerceSite.Infrastructure\ECommerceSite.Infrastructure.csproj", "{F6057B8A-CD40-484D-9DCC-25367506DD5D}"
EndProject
Global
	GlobalSection(SolutionConfigurationPlatforms) = preSolution
		Debug|Any CPU = Debug|Any CPU
		Release|Any CPU = Release|Any CPU
	EndGlobalSection
	GlobalSection(ProjectConfigurationPlatforms) = postSolution
		{E787850C-C526-4250-9513-919A8347C8C5}.Debug|Any CPU.ActiveCfg = Debug|Any CPU
		{E787850C-C526-4250-9513-919A8347C8C5}.Debug|Any CPU.Build.0 = Debug|Any CPU
		{E787850C-C526-4250-9513-919A8347C8C5}.Release|Any CPU.ActiveCfg = Release|Any CPU
		{E787850C-C526-4250-9513-919A8347C8C5}.Release|Any CPU.Build.0 = Release|Any CPU
		{08379BFA-2FC8-4DBE-8971-81F0DBC2B794}.Debug|Any CPU.ActiveCfg = Debug|Any CPU
		{08379BFA-2FC8-4DBE-8971-81F0DBC2B794}.Debug|Any CPU.Build.0 = Debug|Any CPU
		{08379BFA-2FC8-4DBE-8971-81F0DBC2B794}.Release|Any CPU.ActiveCfg = Release|Any CPU
		{08379BFA-2FC8-4DBE-8971-81F0DBC2B794}.Release|Any CPU.Build.0 = Release|Any CPU
		{F6057B8A-CD40-484D-9DCC-25367506DD5D}.Debug|Any CPU.ActiveCfg = Debug|Any CPU
		{F6057B8A-CD40-484D-9DCC-25367506DD5D}.Debug|Any CPU.Build.0 = Debug|Any CPU
		{F6057B8A-CD40-484D-9DCC-25367506DD5D}.Release|Any CPU.ActiveCfg = Release|Any CPU
		{F6057B8A-CD40-484D-9DCC-25367506DD5D}.Release|Any CPU.Build.0 = Release|Any CPU
	EndGlobalSection
	GlobalSection(SolutionProperties) = preSolution
		HideSolutionNode = FALSE
	EndGlobalSection
	GlobalSection(ExtensibilityGlobals) = postSolution
		SolutionGuid = {A8B22A6B-DE7D-4438-8D43-0005CB0B49FA}
	EndGlobalSection
EndGlobal
